
Microsoft Visual Studio Solution File, Format Version 12.00
# Visual Studio Version 16
VisualStudioVersion = 16.0.30523.141
MinimumVisualStudioVersion = 10.0.40219.1
Project("{FAE04EC0-301F-11D3-BF4B-00C04F79EFBC}") = "SunsetHills", "SunsetHills.csproj", "{1690EAB7-4D76-492E-B8C2-3E40E5C21DF6}"
EndProject
Global
	GlobalSection(SolutionConfigurationPlatforms) = preSolution
		Debug|Any CPU = Debug|Any CPU
		Release|Any CPU = Release|Any CPU
	EndGlobalSection
	GlobalSection(ProjectConfigurationPlatforms) = postSolution
		{1690EAB7-4D76-492E-B8C2-3E40E5C21DF6}.Debug|Any CPU.ActiveCfg = Debug|Any CPU
		{1690EAB7-4D76-492E-B8C2-3E40E5C21DF6}.Debug|Any CPU.Build.0 = Debug|Any CPU
		{1690EAB7-4D76-492E-B8C2-3E40E5C21DF6}.Release|Any CPU.ActiveCfg = Release|Any CPU
		{1690EAB7-4D76-492E-B8C2-3E40E5C21DF6}.Release|Any CPU.Build.0 = Release|Any CPU
	EndGlobalSection
	GlobalSection(SolutionProperties) = preSolution
		HideSolutionNode = FALSE
	EndGlobalSection
	GlobalSection(ExtensibilityGlobals) = postSolution
		SolutionGuid = {B0E6B68A-C727-496D-AA89-4A3A1419261E}
	EndGlobalSection
EndGlobal
